
Microsoft Visual Studio Solution File, Format Version 12.00
# Visual Studio Version 17
VisualStudioVersion = 17.8.34316.72
MinimumVisualStudioVersion = 10.0.40219.1
Project("{9A19103F-16F7-4668-BE54-9A1E7A4F7556}") = "BoplTogether", "BoplTogether\BoplTogether.csproj", "{90803296-AA89-4935-B994-21BF764F3D19}"
EndProject
Project("{2150E333-8FDC-42A3-9474-1A3956D46DE8}") = "Other", "Other", "{DCEFF43B-8FF2-4030-ABFB-6E31EF3FE947}"
EndProject
Global
	GlobalSection(SolutionConfigurationPlatforms) = preSolution
		Debug|Any CPU = Debug|Any CPU
		Release|Any CPU = Release|Any CPU
	EndGlobalSection
	GlobalSection(ProjectConfigurationPlatforms) = postSolution
		{90803296-AA89-4935-B994-21BF764F3D19}.Debug|Any CPU.ActiveCfg = Debug|Any CPU
		{90803296-AA89-4935-B994-21BF764F3D19}.Debug|Any CPU.Build.0 = Debug|Any CPU
		{90803296-AA89-4935-B994-21BF764F3D19}.Release|Any CPU.ActiveCfg = Release|Any CPU
		{90803296-AA89-4935-B994-21BF764F3D19}.Release|Any CPU.Build.0 = Release|Any CPU
	EndGlobalSection
	GlobalSection(SolutionProperties) = preSolution
		HideSolutionNode = FALSE
	EndGlobalSection
	GlobalSection(ExtensibilityGlobals) = postSolution
		SolutionGuid = {36039165-9346-484B-A52B-7998315B21DD}
	EndGlobalSection
EndGlobal
